
Microsoft Visual Studio Solution File, Format Version 12.00
# Visual Studio Version 17
VisualStudioVersion = 17.3.32825.248
MinimumVisualStudioVersion = 10.0.40219.1
Project("{FAE04EC0-301F-11D3-BF4B-00C04F79EFBC}") = "SpaceImpact", "SpaceImpact\SpaceImpact.csproj", "{A44A0D2C-F43D-4644-896F-0C8B19EF3834}"
EndProject
Global
	GlobalSection(SolutionConfigurationPlatforms) = preSolution
		Debug|Any CPU = Debug|Any CPU
		Release|Any CPU = Release|Any CPU
	EndGlobalSection
	GlobalSection(ProjectConfigurationPlatforms) = postSolution
		{A44A0D2C-F43D-4644-896F-0C8B19EF3834}.Debug|Any CPU.ActiveCfg = Debug|Any CPU
		{A44A0D2C-F43D-4644-896F-0C8B19EF3834}.Debug|Any CPU.Build.0 = Debug|Any CPU
		{A44A0D2C-F43D-4644-896F-0C8B19EF3834}.Release|Any CPU.ActiveCfg = Release|Any CPU
		{A44A0D2C-F43D-4644-896F-0C8B19EF3834}.Release|Any CPU.Build.0 = Release|Any CPU
	EndGlobalSection
	GlobalSection(SolutionProperties) = preSolution
		HideSolutionNode = FALSE
	EndGlobalSection
	GlobalSection(ExtensibilityGlobals) = postSolution
		SolutionGuid = {1A834B83-42DC-471D-955D-1F913F633D0E}
	EndGlobalSection
EndGlobal
